{
  "name": "zod-schema-preprocess-bug",
  "version": "1.0.0",
  "lockfileVersion": 1,
  "requires": true,
  "dependencies": {
    "zod": {
      "version": "3.19.1",
      "resolved": "https://registry.npmjs.org/zod/-/zod-3.19.1.tgz",
      "integrity": "sha512-LYjZsEDhCdYET9ikFu6dVPGp2YH9DegXjdJToSzD9rO6fy4qiRYFoyEYwps88OseJlPyl2NOe2iJuhEhL7IpEA=="
    },
    "zod-to-json-schema": {
      "version": "3.18.1",
      "resolved": "https://registry.npmjs.org/zod-to-json-schema/-/zod-to-json-schema-3.18.1.tgz",
      "integrity": "sha512-YFP4dAZR2GHDkTOZL7E7p2E3/yoUZeB5RD797JEpJTyh/L+9WvIK/tEMuF+MhzDPhQWXlkSugxmO8nbdXjJKYA=="
    }
  }
}
